
Microsoft Visual Studio Solution File, Format Version 12.00
# Visual Studio Version 17
VisualStudioVersion = 17.13.35828.75 d17.13
MinimumVisualStudioVersion = 10.0.40219.1
Project("{FAE04EC0-301F-11D3-BF4B-00C04F79EFBC}") = "EA09PI3", "EA09PI3.csproj", "{B25B528F-BA7B-486E-BC4D-C487EBD2831D}"
EndProject
Global
	GlobalSection(SolutionConfigurationPlatforms) = preSolution
		Debug|Any CPU = Debug|Any CPU
		Release|Any CPU = Release|Any CPU
	EndGlobalSection
	GlobalSection(ProjectConfigurationPlatforms) = postSolution
		{B25B528F-BA7B-486E-BC4D-C487EBD2831D}.Debug|Any CPU.ActiveCfg = Debug|Any CPU
		{B25B528F-BA7B-486E-BC4D-C487EBD2831D}.Debug|Any CPU.Build.0 = Debug|Any CPU
		{B25B528F-BA7B-486E-BC4D-C487EBD2831D}.Release|Any CPU.ActiveCfg = Release|Any CPU
		{B25B528F-BA7B-486E-BC4D-C487EBD2831D}.Release|Any CPU.Build.0 = Release|Any CPU
	EndGlobalSection
	GlobalSection(SolutionProperties) = preSolution
		HideSolutionNode = FALSE
	EndGlobalSection
	GlobalSection(ExtensibilityGlobals) = postSolution
		SolutionGuid = {C859BF02-820B-4B09-8C1A-8D2690442C52}
	EndGlobalSection
EndGlobal
